
Microsoft Visual Studio Solution File, Format Version 11.00
# Visual C# Express 2010
Project("{FAE04EC0-301F-11D3-BF4B-00C04F79EFBC}") = "NumericOrderTest1", "NumericOrderTest1\NumericOrderTest1.csproj", "{F89B01E5-80D3-4BC6-AD07-21166B19809F}"
EndProject
Global
	GlobalSection(SolutionConfigurationPlatforms) = preSolution
		Debug|x86 = Debug|x86
		Release|x86 = Release|x86
	EndGlobalSection
	GlobalSection(ProjectConfigurationPlatforms) = postSolution
		{F89B01E5-80D3-4BC6-AD07-21166B19809F}.Debug|x86.ActiveCfg = Debug|x86
		{F89B01E5-80D3-4BC6-AD07-21166B19809F}.Debug|x86.Build.0 = Debug|x86
		{F89B01E5-80D3-4BC6-AD07-21166B19809F}.Release|x86.ActiveCfg = Release|x86
		{F89B01E5-80D3-4BC6-AD07-21166B19809F}.Release|x86.Build.0 = Release|x86
	EndGlobalSection
	GlobalSection(SolutionProperties) = preSolution
		HideSolutionNode = FALSE
	EndGlobalSection
EndGlobal
