
Microsoft Visual Studio Solution File, Format Version 11.00
# Visual C# Express 2010
Project("{FAE04EC0-301F-11D3-BF4B-00C04F79EFBC}") = "04_05_11_Lecture", "04_05_11_Lecture\04_05_11_Lecture.csproj", "{1352DA79-7842-4792-AFD2-F0DEE407376C}"
EndProject
Global
	GlobalSection(SolutionConfigurationPlatforms) = preSolution
		Debug|x86 = Debug|x86
		Release|x86 = Release|x86
	EndGlobalSection
	GlobalSection(ProjectConfigurationPlatforms) = postSolution
		{1352DA79-7842-4792-AFD2-F0DEE407376C}.Debug|x86.ActiveCfg = Debug|x86
		{1352DA79-7842-4792-AFD2-F0DEE407376C}.Debug|x86.Build.0 = Debug|x86
		{1352DA79-7842-4792-AFD2-F0DEE407376C}.Release|x86.ActiveCfg = Release|x86
		{1352DA79-7842-4792-AFD2-F0DEE407376C}.Release|x86.Build.0 = Release|x86
	EndGlobalSection
	GlobalSection(SolutionProperties) = preSolution
		HideSolutionNode = FALSE
	EndGlobalSection
EndGlobal
