
Microsoft Visual Studio Solution File, Format Version 11.00
# Visual C# Express 2010
Project("{FAE04EC0-301F-11D3-BF4B-00C04F79EFBC}") = "Vector3DTest3", "Vector3DTest3\Vector3DTest3.csproj", "{EF77D117-10C8-4838-985F-2129EEB358FC}"
EndProject
Global
	GlobalSection(SolutionConfigurationPlatforms) = preSolution
		Debug|x86 = Debug|x86
		Release|x86 = Release|x86
	EndGlobalSection
	GlobalSection(ProjectConfigurationPlatforms) = postSolution
		{EF77D117-10C8-4838-985F-2129EEB358FC}.Debug|x86.ActiveCfg = Debug|x86
		{EF77D117-10C8-4838-985F-2129EEB358FC}.Debug|x86.Build.0 = Debug|x86
		{EF77D117-10C8-4838-985F-2129EEB358FC}.Release|x86.ActiveCfg = Release|x86
		{EF77D117-10C8-4838-985F-2129EEB358FC}.Release|x86.Build.0 = Release|x86
	EndGlobalSection
	GlobalSection(SolutionProperties) = preSolution
		HideSolutionNode = FALSE
	EndGlobalSection
EndGlobal
