
Microsoft Visual Studio Solution File, Format Version 11.00
# Visual C# Express 2010
Project("{FAE04EC0-301F-11D3-BF4B-00C04F79EFBC}") = "BankWinApp", "BankWinApp\BankWinApp.csproj", "{31293F6C-50AB-4E7D-AA8F-E71C8FD1AFAB}"
EndProject
Global
	GlobalSection(SolutionConfigurationPlatforms) = preSolution
		Debug|x86 = Debug|x86
		Release|x86 = Release|x86
	EndGlobalSection
	GlobalSection(ProjectConfigurationPlatforms) = postSolution
		{31293F6C-50AB-4E7D-AA8F-E71C8FD1AFAB}.Debug|x86.ActiveCfg = Debug|x86
		{31293F6C-50AB-4E7D-AA8F-E71C8FD1AFAB}.Debug|x86.Build.0 = Debug|x86
		{31293F6C-50AB-4E7D-AA8F-E71C8FD1AFAB}.Release|x86.ActiveCfg = Release|x86
		{31293F6C-50AB-4E7D-AA8F-E71C8FD1AFAB}.Release|x86.Build.0 = Release|x86
	EndGlobalSection
	GlobalSection(SolutionProperties) = preSolution
		HideSolutionNode = FALSE
	EndGlobalSection
EndGlobal
