
Microsoft Visual Studio Solution File, Format Version 11.00
# Visual C# Express 2010
Project("{FAE04EC0-301F-11D3-BF4B-00C04F79EFBC}") = "03_05_11_ComplexNo", "03_05_11_ComplexNo\03_05_11_ComplexNo.csproj", "{22D266A9-5F60-46B6-9FAB-582945DB217D}"
EndProject
Global
	GlobalSection(SolutionConfigurationPlatforms) = preSolution
		Debug|x86 = Debug|x86
		Release|x86 = Release|x86
	EndGlobalSection
	GlobalSection(ProjectConfigurationPlatforms) = postSolution
		{22D266A9-5F60-46B6-9FAB-582945DB217D}.Debug|x86.ActiveCfg = Debug|x86
		{22D266A9-5F60-46B6-9FAB-582945DB217D}.Debug|x86.Build.0 = Debug|x86
		{22D266A9-5F60-46B6-9FAB-582945DB217D}.Release|x86.ActiveCfg = Release|x86
		{22D266A9-5F60-46B6-9FAB-582945DB217D}.Release|x86.Build.0 = Release|x86
	EndGlobalSection
	GlobalSection(SolutionProperties) = preSolution
		HideSolutionNode = FALSE
	EndGlobalSection
EndGlobal
