
Microsoft Visual Studio Solution File, Format Version 11.00
# Visual C# Express 2010
Project("{FAE04EC0-301F-11D3-BF4B-00C04F79EFBC}") = "Vector3DTest2", "Vector3DTest2\Vector3DTest2.csproj", "{026D2FE2-38FD-4500-8FD2-2D5B570FBF47}"
EndProject
Global
	GlobalSection(SolutionConfigurationPlatforms) = preSolution
		Debug|x86 = Debug|x86
		Release|x86 = Release|x86
	EndGlobalSection
	GlobalSection(ProjectConfigurationPlatforms) = postSolution
		{026D2FE2-38FD-4500-8FD2-2D5B570FBF47}.Debug|x86.ActiveCfg = Debug|x86
		{026D2FE2-38FD-4500-8FD2-2D5B570FBF47}.Debug|x86.Build.0 = Debug|x86
		{026D2FE2-38FD-4500-8FD2-2D5B570FBF47}.Release|x86.ActiveCfg = Release|x86
		{026D2FE2-38FD-4500-8FD2-2D5B570FBF47}.Release|x86.Build.0 = Release|x86
	EndGlobalSection
	GlobalSection(SolutionProperties) = preSolution
		HideSolutionNode = FALSE
	EndGlobalSection
EndGlobal
