
Microsoft Visual Studio Solution File, Format Version 11.00
# Visual C# Express 2010
Project("{FAE04EC0-301F-11D3-BF4B-00C04F79EFBC}") = "MathsAppPro1", "MathsAppPro1\MathsAppPro1.csproj", "{08F631A4-8724-4ADE-A6DC-2C1465EBC2B5}"
EndProject
Project("{FAE04EC0-301F-11D3-BF4B-00C04F79EFBC}") = "MathsAppCon1", "MathsAppCon1\MathsAppCon1.csproj", "{D22BF7FA-0FDD-4477-88D1-B2C3993DA0E1}"
EndProject
Global
	GlobalSection(SolutionConfigurationPlatforms) = preSolution
		Debug|Any CPU = Debug|Any CPU
		Debug|Mixed Platforms = Debug|Mixed Platforms
		Debug|x86 = Debug|x86
		Release|Any CPU = Release|Any CPU
		Release|Mixed Platforms = Release|Mixed Platforms
		Release|x86 = Release|x86
	EndGlobalSection
	GlobalSection(ProjectConfigurationPlatforms) = postSolution
		{08F631A4-8724-4ADE-A6DC-2C1465EBC2B5}.Debug|Any CPU.ActiveCfg = Debug|Any CPU
		{08F631A4-8724-4ADE-A6DC-2C1465EBC2B5}.Debug|Any CPU.Build.0 = Debug|Any CPU
		{08F631A4-8724-4ADE-A6DC-2C1465EBC2B5}.Debug|Mixed Platforms.ActiveCfg = Debug|Any CPU
		{08F631A4-8724-4ADE-A6DC-2C1465EBC2B5}.Debug|Mixed Platforms.Build.0 = Debug|Any CPU
		{08F631A4-8724-4ADE-A6DC-2C1465EBC2B5}.Debug|x86.ActiveCfg = Debug|Any CPU
		{08F631A4-8724-4ADE-A6DC-2C1465EBC2B5}.Release|Any CPU.ActiveCfg = Release|Any CPU
		{08F631A4-8724-4ADE-A6DC-2C1465EBC2B5}.Release|Any CPU.Build.0 = Release|Any CPU
		{08F631A4-8724-4ADE-A6DC-2C1465EBC2B5}.Release|Mixed Platforms.ActiveCfg = Release|Any CPU
		{08F631A4-8724-4ADE-A6DC-2C1465EBC2B5}.Release|Mixed Platforms.Build.0 = Release|Any CPU
		{08F631A4-8724-4ADE-A6DC-2C1465EBC2B5}.Release|x86.ActiveCfg = Release|Any CPU
		{D22BF7FA-0FDD-4477-88D1-B2C3993DA0E1}.Debug|Any CPU.ActiveCfg = Debug|x86
		{D22BF7FA-0FDD-4477-88D1-B2C3993DA0E1}.Debug|Mixed Platforms.ActiveCfg = Debug|x86
		{D22BF7FA-0FDD-4477-88D1-B2C3993DA0E1}.Debug|Mixed Platforms.Build.0 = Debug|x86
		{D22BF7FA-0FDD-4477-88D1-B2C3993DA0E1}.Debug|x86.ActiveCfg = Debug|x86
		{D22BF7FA-0FDD-4477-88D1-B2C3993DA0E1}.Debug|x86.Build.0 = Debug|x86
		{D22BF7FA-0FDD-4477-88D1-B2C3993DA0E1}.Release|Any CPU.ActiveCfg = Release|x86
		{D22BF7FA-0FDD-4477-88D1-B2C3993DA0E1}.Release|Mixed Platforms.ActiveCfg = Release|x86
		{D22BF7FA-0FDD-4477-88D1-B2C3993DA0E1}.Release|Mixed Platforms.Build.0 = Release|x86
		{D22BF7FA-0FDD-4477-88D1-B2C3993DA0E1}.Release|x86.ActiveCfg = Release|x86
		{D22BF7FA-0FDD-4477-88D1-B2C3993DA0E1}.Release|x86.Build.0 = Release|x86
	EndGlobalSection
	GlobalSection(SolutionProperties) = preSolution
		HideSolutionNode = FALSE
	EndGlobalSection
EndGlobal
