
Microsoft Visual Studio Solution File, Format Version 11.00
# Visual C# Express 2010
Project("{FAE04EC0-301F-11D3-BF4B-00C04F79EFBC}") = "Ass3Draft2WinApp", "Ass3Draft2WinApp\Ass3Draft2WinApp.csproj", "{AF171ADC-07C5-4D80-868E-0C987021C66C}"
EndProject
Global
	GlobalSection(SolutionConfigurationPlatforms) = preSolution
		Debug|x86 = Debug|x86
		Release|x86 = Release|x86
	EndGlobalSection
	GlobalSection(ProjectConfigurationPlatforms) = postSolution
		{AF171ADC-07C5-4D80-868E-0C987021C66C}.Debug|x86.ActiveCfg = Debug|x86
		{AF171ADC-07C5-4D80-868E-0C987021C66C}.Debug|x86.Build.0 = Debug|x86
		{AF171ADC-07C5-4D80-868E-0C987021C66C}.Release|x86.ActiveCfg = Release|x86
		{AF171ADC-07C5-4D80-868E-0C987021C66C}.Release|x86.Build.0 = Release|x86
	EndGlobalSection
	GlobalSection(SolutionProperties) = preSolution
		HideSolutionNode = FALSE
	EndGlobalSection
EndGlobal
