
Microsoft Visual Studio Solution File, Format Version 11.00
# Visual C# Express 2010
Project("{FAE04EC0-301F-11D3-BF4B-00C04F79EFBC}") = "StringsFormat2pg125", "StringsFormat2pg125\StringsFormat2pg125.csproj", "{E9C4CA5B-9B02-4700-A6D3-851AFE14E8EF}"
EndProject
Global
	GlobalSection(SolutionConfigurationPlatforms) = preSolution
		Debug|x86 = Debug|x86
		Release|x86 = Release|x86
	EndGlobalSection
	GlobalSection(ProjectConfigurationPlatforms) = postSolution
		{E9C4CA5B-9B02-4700-A6D3-851AFE14E8EF}.Debug|x86.ActiveCfg = Debug|x86
		{E9C4CA5B-9B02-4700-A6D3-851AFE14E8EF}.Debug|x86.Build.0 = Debug|x86
		{E9C4CA5B-9B02-4700-A6D3-851AFE14E8EF}.Release|x86.ActiveCfg = Release|x86
		{E9C4CA5B-9B02-4700-A6D3-851AFE14E8EF}.Release|x86.Build.0 = Release|x86
	EndGlobalSection
	GlobalSection(SolutionProperties) = preSolution
		HideSolutionNode = FALSE
	EndGlobalSection
EndGlobal
